
Microsoft Visual Studio Solution File, Format Version 12.00
# Visual Studio 15
VisualStudioVersion = 15.0.26228.9
MinimumVisualStudioVersion = 10.0.40219.1
Project("{FAE04EC0-301F-11D3-BF4B-00C04F79EFBC}") = "OnlineShop", "OnlineShop\OnlineShop.csproj", "{A7BD0AED-F861-4A16-901B-B21431872B83}"
EndProject
Project("{FAE04EC0-301F-11D3-BF4B-00C04F79EFBC}") = "OnlineShop.Tests", "OnlineShop.Tests\OnlineShop.Tests.csproj", "{43FE1D3A-30BA-4068-9465-993E9FB64403}"
EndProject
Global
	GlobalSection(SolutionConfigurationPlatforms) = preSolution
		Debug|Any CPU = Debug|Any CPU
		Release|Any CPU = Release|Any CPU
	EndGlobalSection
	GlobalSection(ProjectConfigurationPlatforms) = postSolution
		{A7BD0AED-F861-4A16-901B-B21431872B83}.Debug|Any CPU.ActiveCfg = Debug|Any CPU
		{A7BD0AED-F861-4A16-901B-B21431872B83}.Debug|Any CPU.Build.0 = Debug|Any CPU
		{A7BD0AED-F861-4A16-901B-B21431872B83}.Release|Any CPU.ActiveCfg = Release|Any CPU
		{A7BD0AED-F861-4A16-901B-B21431872B83}.Release|Any CPU.Build.0 = Release|Any CPU
		{43FE1D3A-30BA-4068-9465-993E9FB64403}.Debug|Any CPU.ActiveCfg = Debug|Any CPU
		{43FE1D3A-30BA-4068-9465-993E9FB64403}.Debug|Any CPU.Build.0 = Debug|Any CPU
		{43FE1D3A-30BA-4068-9465-993E9FB64403}.Release|Any CPU.ActiveCfg = Release|Any CPU
		{43FE1D3A-30BA-4068-9465-993E9FB64403}.Release|Any CPU.Build.0 = Release|Any CPU
	EndGlobalSection
	GlobalSection(SolutionProperties) = preSolution
		HideSolutionNode = FALSE
	EndGlobalSection
EndGlobal
